
Microsoft Visual Studio Solution File, Format Version 12.00
# Visual Studio Version 17
VisualStudioVersion = 17.13.35825.156 d17.13
MinimumVisualStudioVersion = 10.0.40219.1
Project("{FAE04EC0-301F-11D3-BF4B-00C04F79EFBC}") = "SQL APEX", "SQL APEX\SQL APEX.csproj", "{C2520DE7-3EDA-4F01-BB00-2130B1A9D134}"
EndProject
Global
	GlobalSection(SolutionConfigurationPlatforms) = preSolution
		Debug|Any CPU = Debug|Any CPU
		Release|Any CPU = Release|Any CPU
	EndGlobalSection
	GlobalSection(ProjectConfigurationPlatforms) = postSolution
		{C2520DE7-3EDA-4F01-BB00-2130B1A9D134}.Debug|Any CPU.ActiveCfg = Debug|Any CPU
		{C2520DE7-3EDA-4F01-BB00-2130B1A9D134}.Debug|Any CPU.Build.0 = Debug|Any CPU
		{C2520DE7-3EDA-4F01-BB00-2130B1A9D134}.Release|Any CPU.ActiveCfg = Release|Any CPU
		{C2520DE7-3EDA-4F01-BB00-2130B1A9D134}.Release|Any CPU.Build.0 = Release|Any CPU
	EndGlobalSection
	GlobalSection(SolutionProperties) = preSolution
		HideSolutionNode = FALSE
	EndGlobalSection
	GlobalSection(ExtensibilityGlobals) = postSolution
		SolutionGuid = {0383A6F0-8C40-4F3B-AB1F-CA30A511305A}
	EndGlobalSection
EndGlobal
